
Microsoft Visual Studio Solution File, Format Version 12.00
# Visual Studio 2013
VisualStudioVersion = 12.0.21005.1
MinimumVisualStudioVersion = 10.0.40219.1
Project("{FAE04EC0-301F-11D3-BF4B-00C04F79EFBC}") = "GameDemo", "GameDemo\GameDemo.csproj", "{F216491F-E8CB-423F-B5BF-0CCB30E57B3F}"
EndProject
Global
	GlobalSection(SolutionConfigurationPlatforms) = preSolution
		Debug|Any CPU = Debug|Any CPU
		Release|Any CPU = Release|Any CPU
	EndGlobalSection
	GlobalSection(ProjectConfigurationPlatforms) = postSolution
		{F216491F-E8CB-423F-B5BF-0CCB30E57B3F}.Debug|Any CPU.ActiveCfg = Debug|Any CPU
		{F216491F-E8CB-423F-B5BF-0CCB30E57B3F}.Debug|Any CPU.Build.0 = Debug|Any CPU
		{F216491F-E8CB-423F-B5BF-0CCB30E57B3F}.Release|Any CPU.ActiveCfg = Release|Any CPU
		{F216491F-E8CB-423F-B5BF-0CCB30E57B3F}.Release|Any CPU.Build.0 = Release|Any CPU
	EndGlobalSection
	GlobalSection(SolutionProperties) = preSolution
		HideSolutionNode = FALSE
	EndGlobalSection
EndGlobal
